{
  "version": 4,
  "terraform_version": "0.13.5",
  "serial": 1,
  "lineage": "c0f2a254-7ff4-e3dd-476a-a6d61de52319",
  "outputs": {},
  "resources": [
    {
      "mode": "managed",
      "type": "local_file",
      "name": "test",
      "provider": "provider[\"registry.terraform.io/hashicorp/local\"]",
      "instances": [
        {
          "schema_version": 0,
          "attributes": {
            "content": "i love pets",
            "content_base64": null,
            "directory_permission": "0777",
            "file_permission": "0777",
            "filename": "pets.txt",
            "id": "24899fdea020fed9c33448b53811e17d15bb4f25",
            "sensitive_content": null,
            "source": null
          },
          "private": "bnVsbA=="
        }
      ]
    }
  ]
}
