{
  "version": 4,
  "terraform_version": "0.13.5",
  "serial": 1,
  "lineage": "a98a7391-cf97-04cf-194c-fb68cfa489f5",
  "outputs": {},
  "resources": [
    {
      "mode": "managed",
      "type": "local_file",
      "name": "test",
      "provider": "provider[\"registry.terraform.io/hashicorp/local\"]",
      "instances": [
        {
          "schema_version": 0,
          "attributes": {
            "content": "Alhumdulillah",
            "content_base64": null,
            "directory_permission": "0777",
            "file_permission": "0777",
            "filename": "Bismillah",
            "id": "72e3aa6f51c0120e13b723c108a33b1dccc1daac",
            "sensitive_content": null,
            "source": null
          },
          "private": "bnVsbA=="
        }
      ]
    }
  ]
}
